
Microsoft Visual Studio Solution File, Format Version 12.00
# Visual Studio Version 17
VisualStudioVersion = 17.10.35004.147
MinimumVisualStudioVersion = 10.0.40219.1
Project("{9A19103F-16F7-4668-BE54-9A1E7A4F7556}") = "MachineStatusTracker", "MachineStatusTracker\MachineStatusTracker.csproj", "{2926C98F-53D2-4612-8E45-DA4C319AA771}"
EndProject
Project("{FAE04EC0-301F-11D3-BF4B-00C04F79EFBC}") = "MachineStatusTracker.EF", "MachineStatusTracker.EF\MachineStatusTracker.EF.csproj", "{2C420B60-58E0-4825-9B24-51E9727BCD19}"
EndProject
Global
	GlobalSection(SolutionConfigurationPlatforms) = preSolution
		Debug|Any CPU = Debug|Any CPU
		Release|Any CPU = Release|Any CPU
	EndGlobalSection
	GlobalSection(ProjectConfigurationPlatforms) = postSolution
		{2926C98F-53D2-4612-8E45-DA4C319AA771}.Debug|Any CPU.ActiveCfg = Debug|Any CPU
		{2926C98F-53D2-4612-8E45-DA4C319AA771}.Debug|Any CPU.Build.0 = Debug|Any CPU
		{2926C98F-53D2-4612-8E45-DA4C319AA771}.Release|Any CPU.ActiveCfg = Release|Any CPU
		{2926C98F-53D2-4612-8E45-DA4C319AA771}.Release|Any CPU.Build.0 = Release|Any CPU
		{2C420B60-58E0-4825-9B24-51E9727BCD19}.Debug|Any CPU.ActiveCfg = Debug|Any CPU
		{2C420B60-58E0-4825-9B24-51E9727BCD19}.Debug|Any CPU.Build.0 = Debug|Any CPU
		{2C420B60-58E0-4825-9B24-51E9727BCD19}.Release|Any CPU.ActiveCfg = Release|Any CPU
		{2C420B60-58E0-4825-9B24-51E9727BCD19}.Release|Any CPU.Build.0 = Release|Any CPU
	EndGlobalSection
	GlobalSection(SolutionProperties) = preSolution
		HideSolutionNode = FALSE
	EndGlobalSection
	GlobalSection(ExtensibilityGlobals) = postSolution
		SolutionGuid = {40582092-154F-4515-89F9-6EBCAF4B68F7}
	EndGlobalSection
EndGlobal
